
Microsoft Visual Studio Solution File, Format Version 12.00
# Visual Studio 15
VisualStudioVersion = 15.0.27703.2047
MinimumVisualStudioVersion = 10.0.40219.1
Project("{FAE04EC0-301F-11D3-BF4B-00C04F79EFBC}") = "App14", "App14\App14.csproj", "{8B4F3857-E184-4FE0-A8BE-C7D5843D350A}"
EndProject
Global
	GlobalSection(SolutionConfigurationPlatforms) = preSolution
		Debug|ARM = Debug|ARM
		Debug|x64 = Debug|x64
		Debug|x86 = Debug|x86
		Release|ARM = Release|ARM
		Release|x64 = Release|x64
		Release|x86 = Release|x86
	EndGlobalSection
	GlobalSection(ProjectConfigurationPlatforms) = postSolution
		{8B4F3857-E184-4FE0-A8BE-C7D5843D350A}.Debug|ARM.ActiveCfg = Debug|ARM
		{8B4F3857-E184-4FE0-A8BE-C7D5843D350A}.Debug|ARM.Build.0 = Debug|ARM
		{8B4F3857-E184-4FE0-A8BE-C7D5843D350A}.Debug|ARM.Deploy.0 = Debug|ARM
		{8B4F3857-E184-4FE0-A8BE-C7D5843D350A}.Debug|x64.ActiveCfg = Debug|x64
		{8B4F3857-E184-4FE0-A8BE-C7D5843D350A}.Debug|x64.Build.0 = Debug|x64
		{8B4F3857-E184-4FE0-A8BE-C7D5843D350A}.Debug|x64.Deploy.0 = Debug|x64
		{8B4F3857-E184-4FE0-A8BE-C7D5843D350A}.Debug|x86.ActiveCfg = Debug|x86
		{8B4F3857-E184-4FE0-A8BE-C7D5843D350A}.Debug|x86.Build.0 = Debug|x86
		{8B4F3857-E184-4FE0-A8BE-C7D5843D350A}.Debug|x86.Deploy.0 = Debug|x86
		{8B4F3857-E184-4FE0-A8BE-C7D5843D350A}.Release|ARM.ActiveCfg = Release|ARM
		{8B4F3857-E184-4FE0-A8BE-C7D5843D350A}.Release|ARM.Build.0 = Release|ARM
		{8B4F3857-E184-4FE0-A8BE-C7D5843D350A}.Release|ARM.Deploy.0 = Release|ARM
		{8B4F3857-E184-4FE0-A8BE-C7D5843D350A}.Release|x64.ActiveCfg = Release|x64
		{8B4F3857-E184-4FE0-A8BE-C7D5843D350A}.Release|x64.Build.0 = Release|x64
		{8B4F3857-E184-4FE0-A8BE-C7D5843D350A}.Release|x64.Deploy.0 = Release|x64
		{8B4F3857-E184-4FE0-A8BE-C7D5843D350A}.Release|x86.ActiveCfg = Release|x86
		{8B4F3857-E184-4FE0-A8BE-C7D5843D350A}.Release|x86.Build.0 = Release|x86
		{8B4F3857-E184-4FE0-A8BE-C7D5843D350A}.Release|x86.Deploy.0 = Release|x86
	EndGlobalSection
	GlobalSection(SolutionProperties) = preSolution
		HideSolutionNode = FALSE
	EndGlobalSection
	GlobalSection(ExtensibilityGlobals) = postSolution
		SolutionGuid = {A8B3566F-2BA3-4E37-A110-85B79F703628}
	EndGlobalSection
EndGlobal
